
Microsoft Visual Studio Solution File, Format Version 11.00
# Visual Studio 2010
Project("{FAE04EC0-301F-11D3-BF4B-00C04F79EFBC}") = "PID", "PID\PID.csproj", "{EE1B869B-13E1-4931-9845-C22CB74A5264}"
EndProject
Global
	GlobalSection(SolutionConfigurationPlatforms) = preSolution
		Debug|Any CPU = Debug|Any CPU
		Release|Any CPU = Release|Any CPU
	EndGlobalSection
	GlobalSection(ProjectConfigurationPlatforms) = postSolution
		{EE1B869B-13E1-4931-9845-C22CB74A5264}.Debug|Any CPU.ActiveCfg = Debug|Any CPU
		{EE1B869B-13E1-4931-9845-C22CB74A5264}.Debug|Any CPU.Build.0 = Debug|Any CPU
		{EE1B869B-13E1-4931-9845-C22CB74A5264}.Release|Any CPU.ActiveCfg = Release|Any CPU
		{EE1B869B-13E1-4931-9845-C22CB74A5264}.Release|Any CPU.Build.0 = Release|Any CPU
	EndGlobalSection
	GlobalSection(SolutionProperties) = preSolution
		HideSolutionNode = FALSE
	EndGlobalSection
EndGlobal
